
Microsoft Visual Studio Solution File, Format Version 12.00
# Visual Studio Version 16
VisualStudioVersion = 16.0.31515.178
MinimumVisualStudioVersion = 10.0.40219.1
Project("{2150E333-8FDC-42A3-9474-1A3956D46DE8}") = "Services", "Services", "{7F07784A-A4DE-4998-93AF-E9327796A0E7}"
EndProject
Project("{FAE04EC0-301F-11D3-BF4B-00C04F79EFBC}") = "JAC.MusicVideoList.Services.WebAPI", "JAC.MusicVideoList.Services.WebAPI\JAC.MusicVideoList.Services.WebAPI.csproj", "{64DD6FFB-2042-4E92-AF9B-F9456E56C3FF}"
EndProject
Global
	GlobalSection(SolutionConfigurationPlatforms) = preSolution
		Debug|Any CPU = Debug|Any CPU
		Release|Any CPU = Release|Any CPU
	EndGlobalSection
	GlobalSection(ProjectConfigurationPlatforms) = postSolution
		{64DD6FFB-2042-4E92-AF9B-F9456E56C3FF}.Debug|Any CPU.ActiveCfg = Debug|Any CPU
		{64DD6FFB-2042-4E92-AF9B-F9456E56C3FF}.Debug|Any CPU.Build.0 = Debug|Any CPU
		{64DD6FFB-2042-4E92-AF9B-F9456E56C3FF}.Release|Any CPU.ActiveCfg = Release|Any CPU
		{64DD6FFB-2042-4E92-AF9B-F9456E56C3FF}.Release|Any CPU.Build.0 = Release|Any CPU
	EndGlobalSection
	GlobalSection(SolutionProperties) = preSolution
		HideSolutionNode = FALSE
	EndGlobalSection
	GlobalSection(NestedProjects) = preSolution
		{64DD6FFB-2042-4E92-AF9B-F9456E56C3FF} = {7F07784A-A4DE-4998-93AF-E9327796A0E7}
	EndGlobalSection
	GlobalSection(ExtensibilityGlobals) = postSolution
		SolutionGuid = {81F5399E-1008-4773-B071-ED42926E8B9B}
	EndGlobalSection
EndGlobal
