
Microsoft Visual Studio Solution File, Format Version 12.00
# Visual Studio Version 16
VisualStudioVersion = 16.0.31515.178
MinimumVisualStudioVersion = 10.0.40219.1
Project("{2150E333-8FDC-42A3-9474-1A3956D46DE8}") = "Services", "Services", "{7F07784A-A4DE-4998-93AF-E9327796A0E7}"
EndProject
Project("{9A19103F-16F7-4668-BE54-9A1E7A4F7556}") = "JAC.MusicVideoList.Services.WebAPI", "JAC.MusicVideoList.Services.WebAPI\JAC.MusicVideoList.Services.WebAPI.csproj", "{64DD6FFB-2042-4E92-AF9B-F9456E56C3FF}"
EndProject
Project("{2150E333-8FDC-42A3-9474-1A3956D46DE8}") = "Application", "Application", "{5758D8B5-7465-495D-A37C-DD9E50E7EB1E}"
EndProject
Project("{2150E333-8FDC-42A3-9474-1A3956D46DE8}") = "Domain", "Domain", "{8D896261-A16B-4CB2-982A-810EB873D078}"
EndProject
Project("{2150E333-8FDC-42A3-9474-1A3956D46DE8}") = "Infrastructure", "Infrastructure", "{493487C1-DF70-4EC0-8C54-48FEDAEFDD16}"
EndProject
Project("{2150E333-8FDC-42A3-9474-1A3956D46DE8}") = "Transversal", "Transversal", "{76CA8E6F-048C-4180-9452-A845852EF9AA}"
EndProject
Project("{2150E333-8FDC-42A3-9474-1A3956D46DE8}") = "Tests", "Tests", "{0ABECE7D-6671-4DAB-971F-D100B09A677A}"
EndProject
Project("{9A19103F-16F7-4668-BE54-9A1E7A4F7556}") = "JAC.MusicVideoList.Domain.Core", "JAC.MusicVideoList.Domain.Core\JAC.MusicVideoList.Domain.Core.csproj", "{549F1CBD-9A27-4E94-8E3B-64E5FDA3CB10}"
EndProject
Project("{9A19103F-16F7-4668-BE54-9A1E7A4F7556}") = "JAC.MusicVideoList.Application.Main", "JAC.MusicVideoList.Application.Main\JAC.MusicVideoList.Application.Main.csproj", "{C7E427F9-DDD2-4BF2-AA98-C1A4264B4A1C}"
EndProject
Project("{FAE04EC0-301F-11D3-BF4B-00C04F79EFBC}") = "JAC.MusicVideoList.Infrastructure.Main", "JAC.MusicVideoList.Infrastructure.Main\JAC.MusicVideoList.Infrastructure.Main.csproj", "{41308279-61D8-43AD-A62D-4A89C62BCE11}"
EndProject
Project("{FAE04EC0-301F-11D3-BF4B-00C04F79EFBC}") = "JAC.MusicVideoList.Transversal.Common", "JAC.MusicVideoList.Transversal.Common\JAC.MusicVideoList.Transversal.Common.csproj", "{4534816F-1EE8-463F-B239-BC1F0F324EF0}"
EndProject
Global
	GlobalSection(SolutionConfigurationPlatforms) = preSolution
		Debug|Any CPU = Debug|Any CPU
		Release|Any CPU = Release|Any CPU
	EndGlobalSection
	GlobalSection(ProjectConfigurationPlatforms) = postSolution
		{64DD6FFB-2042-4E92-AF9B-F9456E56C3FF}.Debug|Any CPU.ActiveCfg = Debug|Any CPU
		{64DD6FFB-2042-4E92-AF9B-F9456E56C3FF}.Debug|Any CPU.Build.0 = Debug|Any CPU
		{64DD6FFB-2042-4E92-AF9B-F9456E56C3FF}.Release|Any CPU.ActiveCfg = Release|Any CPU
		{64DD6FFB-2042-4E92-AF9B-F9456E56C3FF}.Release|Any CPU.Build.0 = Release|Any CPU
		{549F1CBD-9A27-4E94-8E3B-64E5FDA3CB10}.Debug|Any CPU.ActiveCfg = Debug|Any CPU
		{549F1CBD-9A27-4E94-8E3B-64E5FDA3CB10}.Debug|Any CPU.Build.0 = Debug|Any CPU
		{549F1CBD-9A27-4E94-8E3B-64E5FDA3CB10}.Release|Any CPU.ActiveCfg = Release|Any CPU
		{549F1CBD-9A27-4E94-8E3B-64E5FDA3CB10}.Release|Any CPU.Build.0 = Release|Any CPU
		{C7E427F9-DDD2-4BF2-AA98-C1A4264B4A1C}.Debug|Any CPU.ActiveCfg = Debug|Any CPU
		{C7E427F9-DDD2-4BF2-AA98-C1A4264B4A1C}.Debug|Any CPU.Build.0 = Debug|Any CPU
		{C7E427F9-DDD2-4BF2-AA98-C1A4264B4A1C}.Release|Any CPU.ActiveCfg = Release|Any CPU
		{C7E427F9-DDD2-4BF2-AA98-C1A4264B4A1C}.Release|Any CPU.Build.0 = Release|Any CPU
		{41308279-61D8-43AD-A62D-4A89C62BCE11}.Debug|Any CPU.ActiveCfg = Debug|Any CPU
		{41308279-61D8-43AD-A62D-4A89C62BCE11}.Debug|Any CPU.Build.0 = Debug|Any CPU
		{41308279-61D8-43AD-A62D-4A89C62BCE11}.Release|Any CPU.ActiveCfg = Release|Any CPU
		{41308279-61D8-43AD-A62D-4A89C62BCE11}.Release|Any CPU.Build.0 = Release|Any CPU
		{4534816F-1EE8-463F-B239-BC1F0F324EF0}.Debug|Any CPU.ActiveCfg = Debug|Any CPU
		{4534816F-1EE8-463F-B239-BC1F0F324EF0}.Debug|Any CPU.Build.0 = Debug|Any CPU
		{4534816F-1EE8-463F-B239-BC1F0F324EF0}.Release|Any CPU.ActiveCfg = Release|Any CPU
		{4534816F-1EE8-463F-B239-BC1F0F324EF0}.Release|Any CPU.Build.0 = Release|Any CPU
	EndGlobalSection
	GlobalSection(SolutionProperties) = preSolution
		HideSolutionNode = FALSE
	EndGlobalSection
	GlobalSection(NestedProjects) = preSolution
		{64DD6FFB-2042-4E92-AF9B-F9456E56C3FF} = {7F07784A-A4DE-4998-93AF-E9327796A0E7}
		{549F1CBD-9A27-4E94-8E3B-64E5FDA3CB10} = {8D896261-A16B-4CB2-982A-810EB873D078}
		{C7E427F9-DDD2-4BF2-AA98-C1A4264B4A1C} = {5758D8B5-7465-495D-A37C-DD9E50E7EB1E}
		{41308279-61D8-43AD-A62D-4A89C62BCE11} = {493487C1-DF70-4EC0-8C54-48FEDAEFDD16}
		{4534816F-1EE8-463F-B239-BC1F0F324EF0} = {76CA8E6F-048C-4180-9452-A845852EF9AA}
	EndGlobalSection
	GlobalSection(ExtensibilityGlobals) = postSolution
		SolutionGuid = {81F5399E-1008-4773-B071-ED42926E8B9B}
	EndGlobalSection
EndGlobal
